// !$*UTF8*$!
{
	archiveVersion = 1;
	classes = {
	};
	objectVersion = 46;
	objects = {

/* Begin PBXBuildFile section */
		EFB3FB521E5AE87C00A1E123 /* AppDelegate.swift in Sources */ = {isa = PBXBuildFile; fileRef = EFB3FB511E5AE87C00A1E123 /* AppDelegate.swift */; };
		EFB3FB541E5AE87C00A1E123 /* ViewController.swift in Sources */ = {isa = PBXBuildFile; fileRef = EFB3FB531E5AE87C00A1E123 /* ViewController.swift */; };
		EFB3FB571E5AE87C00A1E123 /* Main.storyboard in Resources */ = {isa = PBXBuildFile; fileRef = EFB3FB551E5AE87C00A1E123 /* Main.storyboard */; };
		EFB3FB591E5AE87C00A1E123 /* Assets.xcassets in Resources */ = {isa = PBXBuildFile; fileRef = EFB3FB581E5AE87C00A1E123 /* Assets.xcassets */; };
		EFB3FB5C1E5AE87C00A1E123 /* LaunchScreen.storyboard in Resources */ = {isa = PBXBuildFile; fileRef = EFB3FB5A1E5AE87C00A1E123 /* LaunchScreen.storyboard */; };
		EFB3FB671E5AE87C00A1E123 /* PokedexTests.swift in Sources */ = {isa = PBXBuildFile; fileRef = EFB3FB661E5AE87C00A1E123 /* PokedexTests.swift */; };
		EFB3FB721E5AE87C00A1E123 /* PokedexUITests.swift in Sources */ = {isa = PBXBuildFile; fileRef = EFB3FB711E5AE87C00A1E123 /* PokedexUITests.swift */; };
/* End PBXBuildFile section */

/* Begin PBXContainerItemProxy section */
		EFB3FB631E5AE87C00A1E123 /* PBXContainerItemProxy */ = {
			isa = PBXContainerItemProxy;
			containerPortal = EFB3FB461E5AE87C00A1E123 /* Project object */;
			proxyType = 1;
			remoteGlobalIDString = EFB3FB4D1E5AE87C00A1E123;
			remoteInfo = Pokedex;
		};
		EFB3FB6E1E5AE87C00A1E123 /* PBXContainerItemProxy */ = {
			isa = PBXContainerItemProxy;
			containerPortal = EFB3FB461E5AE87C00A1E123 /* Project object */;
			proxyType = 1;
			remoteGlobalIDString = EFB3FB4D1E5AE87C00A1E123;
			remoteInfo = Pokedex;
		};
/* End PBXContainerItemProxy section */

/* Begin PBXFileReference section */
		EFB3FB4E1E5AE87C00A1E123 /* Pokedex.app */ = {isa = PBXFileReference; explicitFileType = wrapper.application; includeInIndex = 0; path = Pokedex.app; sourceTree = BUILT_PRODUCTS_DIR; };
		EFB3FB511E5AE87C00A1E123 /* AppDelegate.swift */ = {isa = PBXFileReference; lastKnownFileType = sourcecode.swift; path = AppDelegate.swift; sourceTree = "<group>"; };
		EFB3FB531E5AE87C00A1E123 /* ViewController.swift */ = {isa = PBXFileReference; lastKnownFileType = sourcecode.swift; path = ViewController.swift; sourceTree = "<group>"; };
		EFB3FB561E5AE87C00A1E123 /* Base */ = {isa = PBXFileReference; lastKnownFileType = file.storyboard; name = Base; path = Base.lproj/Main.storyboard; sourceTree = "<group>"; };
		EFB3FB581E5AE87C00A1E123 /* Assets.xcassets */ = {isa = PBXFileReference; lastKnownFileType = folder.assetcatalog; path = Assets.xcassets; sourceTree = "<group>"; };
		EFB3FB5B1E5AE87C00A1E123 /* Base */ = {isa = PBXFileReference; lastKnownFileType = file.storyboard; name = Base; path = Base.lproj/LaunchScreen.storyboard; sourceTree = "<group>"; };
		EFB3FB5D1E5AE87C00A1E123 /* Info.plist */ = {isa = PBXFileReference; lastKnownFileType = text.plist.xml; path = Info.plist; sourceTree = "<group>"; };
		EFB3FB621E5AE87C00A1E123 /* PokedexTests.xctest */ = {isa = PBXFileReference; explicitFileType = wrapper.cfbundle; includeInIndex = 0; path = PokedexTests.xctest; sourceTree = BUILT_PRODUCTS_DIR; };
		EFB3FB661E5AE87C00A1E123 /* PokedexTests.swift */ = {isa = PBXFileReference; lastKnownFileType = sourcecode.swift; path = PokedexTests.swift; sourceTree = "<group>"; };
		EFB3FB681E5AE87C00A1E123 /* Info.plist */ = {isa = PBXFileReference; lastKnownFileType = text.plist.xml; path = Info.plist; sourceTree = "<group>"; };
		EFB3FB6D1E5AE87C00A1E123 /* PokedexUITests.xctest */ = {isa = PBXFileReference; explicitFileType = wrapper.cfbundle; includeInIndex = 0; path = PokedexUITests.xctest; sourceTree = BUILT_PRODUCTS_DIR; };
		EFB3FB711E5AE87C00A1E123 /* PokedexUITests.swift */ = {isa = PBXFileReference; lastKnownFileType = sourcecode.swift; path = PokedexUITests.swift; sourceTree = "<group>"; };
		EFB3FB731E5AE87C00A1E123 /* Info.plist */ = {isa = PBXFileReference; lastKnownFileType = text.plist.xml; path = Info.plist; sourceTree = "<group>"; };
/* End PBXFileReference section */

/* Begin PBXFrameworksBuildPhase section */
		EFB3FB4B1E5AE87C00A1E123 /* Frameworks */ = {
			isa = PBXFrameworksBuildPhase;
			buildActionMask = 2147483647;
			files = (
			);
			runOnlyForDeploymentPostprocessing = 0;
		};
		EFB3FB5F1E5AE87C00A1E123 /* Frameworks */ = {
			isa = PBXFrameworksBuildPhase;
			buildActionMask = 2147483647;
			files = (
			);
			runOnlyForDeploymentPostprocessing = 0;
		};
		EFB3FB6A1E5AE87C00A1E123 /* Frameworks */ = {
			isa = PBXFrameworksBuildPhase;
			buildActionMask = 2147483647;
			files = (
			);
			runOnlyForDeploymentPostprocessing = 0;
		};
/* End PBXFrameworksBuildPhase section */

/* Begin PBXGroup section */
		EFB3FB451E5AE87C00A1E123 = {
			isa = PBXGroup;
			children = (
				EFB3FB501E5AE87C00A1E123 /* Pokedex */,
				EFB3FB651E5AE87C00A1E123 /* PokedexTests */,
				EFB3FB701E5AE87C00A1E123 /* PokedexUITests */,
				EFB3FB4F1E5AE87C00A1E123 /* Products */,
			);
			sourceTree = "<group>";
		};
		EFB3FB4F1E5AE87C00A1E123 /* Products */ = {
			isa = PBXGroup;
			children = (
				EFB3FB4E1E5AE87C00A1E123 /* Pokedex.app */,
				EFB3FB621E5AE87C00A1E123 /* PokedexTests.xctest */,
				EFB3FB6D1E5AE87C00A1E123 /* PokedexUITests.xctest */,
			);
			name = Products;
			sourceTree = "<group>";
		};
		EFB3FB501E5AE87C00A1E123 /* Pokedex */ = {
			isa = PBXGroup;
			children = (
				EFB3FB511E5AE87C00A1E123 /* AppDelegate.swift */,
				EFB3FB531E5AE87C00A1E123 /* ViewController.swift */,
				EFB3FB551E5AE87C00A1E123 /* Main.storyboard */,
				EFB3FB581E5AE87C00A1E123 /* Assets.xcassets */,
				EFB3FB5A1E5AE87C00A1E123 /* LaunchScreen.storyboard */,
				EFB3FB5D1E5AE87C00A1E123 /* Info.plist */,
			);
			path = Pokedex;
			sourceTree = "<group>";
		};
		EFB3FB651E5AE87C00A1E123 /* PokedexTests */ = {
			isa = PBXGroup;
			children = (
				EFB3FB661E5AE87C00A1E123 /* PokedexTests.swift */,
				EFB3FB681E5AE87C00A1E123 /* Info.plist */,
			);
			path = PokedexTests;
			sourceTree = "<group>";
		};
		EFB3FB701E5AE87C00A1E123 /* PokedexUITests */ = {
			isa = PBXGroup;
			children = (
				EFB3FB711E5AE87C00A1E123 /* PokedexUITests.swift */,
				EFB3FB731E5AE87C00A1E123 /* Info.plist */,
			);
			path = PokedexUITests;
			sourceTree = "<group>";
		};
/* End PBXGroup section */

/* Begin PBXNativeTarget section */
		EFB3FB4D1E5AE87C00A1E123 /* Pokedex */ = {
			isa = PBXNativeTarget;
			buildConfigurationList = EFB3FB761E5AE87C00A1E123 /* Build configuration list for PBXNativeTarget "Pokedex" */;
			buildPhases = (
				EFB3FB4A1E5AE87C00A1E123 /* Sources */,
				EFB3FB4B1E5AE87C00A1E123 /* Frameworks */,
				EFB3FB4C1E5AE87C00A1E123 /* Resources */,
			);
			buildRules = (
			);
			dependencies = (
			);
			name = Pokedex;
			productName = Pokedex;
			productReference = EFB3FB4E1E5AE87C00A1E123 /* Pokedex.app */;
			productType = "com.apple.product-type.application";
		};
		EFB3FB611E5AE87C00A1E123 /* PokedexTests */ = {
			isa = PBXNativeTarget;
			buildConfigurationList = EFB3FB791E5AE87C00A1E123 /* Build configuration list for PBXNativeTarget "PokedexTests" */;
			buildPhases = (
				EFB3FB5E1E5AE87C00A1E123 /* Sources */,
				EFB3FB5F1E5AE87C00A1E123 /* Frameworks */,
				EFB3FB601E5AE87C00A1E123 /* Resources */,
			);
			buildRules = (
			);
			dependencies = (
				EFB3FB641E5AE87C00A1E123 /* PBXTargetDependency */,
			);
			name = PokedexTests;
			productName = PokedexTests;
			productReference = EFB3FB621E5AE87C00A1E123 /* PokedexTests.xctest */;
			productType = "com.apple.product-type.bundle.unit-test";
		};
		EFB3FB6C1E5AE87C00A1E123 /* PokedexUITests */ = {
			isa = PBXNativeTarget;
			buildConfigurationList = EFB3FB7C1E5AE87C00A1E123 /* Build configuration list for PBXNativeTarget "PokedexUITests" */;
			buildPhases = (
				EFB3FB691E5AE87C00A1E123 /* Sources */,
				EFB3FB6A1E5AE87C00A1E123 /* Frameworks */,
				EFB3FB6B1E5AE87C00A1E123 /* Resources */,
			);
			buildRules = (
			);
			dependencies = (
				EFB3FB6F1E5AE87C00A1E123 /* PBXTargetDependency */,
			);
			name = PokedexUITests;
			productName = PokedexUITests;
			productReference = EFB3FB6D1E5AE87C00A1E123 /* PokedexUITests.xctest */;
			productType = "com.apple.product-type.bundle.ui-testing";
		};
/* End PBXNativeTarget section */

/* Begin PBXProject section */
		EFB3FB461E5AE87C00A1E123 /* Project object */ = {
			isa = PBXProject;
			attributes = {
				LastSwiftUpdateCheck = 0820;
				LastUpgradeCheck = 0820;
				ORGANIZATIONNAME = SZL;
				TargetAttributes = {
					EFB3FB4D1E5AE87C00A1E123 = {
						CreatedOnToolsVersion = 8.2.1;
						ProvisioningStyle = Automatic;
					};
					EFB3FB611E5AE87C00A1E123 = {
						CreatedOnToolsVersion = 8.2.1;
						ProvisioningStyle = Automatic;
						TestTargetID = EFB3FB4D1E5AE87C00A1E123;
					};
					EFB3FB6C1E5AE87C00A1E123 = {
						CreatedOnToolsVersion = 8.2.1;
						ProvisioningStyle = Automatic;
						TestTargetID = EFB3FB4D1E5AE87C00A1E123;
					};
				};
			};
			buildConfigurationList = EFB3FB491E5AE87C00A1E123 /* Build configuration list for PBXProject "Pokedex" */;
			compatibilityVersion = "Xcode 3.2";
			developmentRegion = English;
			hasScannedForEncodings = 0;
			knownRegions = (
				en,
				Base,
			);
			mainGroup = EFB3FB451E5AE87C00A1E123;
			productRefGroup = EFB3FB4F1E5AE87C00A1E123 /* Products */;
			projectDirPath = "";
			projectRoot = "";
			targets = (
				EFB3FB4D1E5AE87C00A1E123 /* Pokedex */,
				EFB3FB611E5AE87C00A1E123 /* PokedexTests */,
				EFB3FB6C1E5AE87C00A1E123 /* PokedexUITests */,
			);
		};
/* End PBXProject section */

/* Begin PBXResourcesBuildPhase section */
		EFB3FB4C1E5AE87C00A1E123 /* Resources */ = {
			isa = PBXResourcesBuildPhase;
			buildActionMask = 2147483647;
			files = (
				EFB3FB5C1E5AE87C00A1E123 /* LaunchScreen.storyboard in Resources */,
				EFB3FB591E5AE87C00A1E123 /* Assets.xcassets in Resources */,
				EFB3FB571E5AE87C00A1E123 /* Main.storyboard in Resources */,
			);
			runOnlyForDeploymentPostprocessing = 0;
		};
		EFB3FB601E5AE87C00A1E123 /* Resources */ = {
			isa = PBXResourcesBuildPhase;
			buildActionMask = 2147483647;
			files = (
			);
			runOnlyForDeploymentPostprocessing = 0;
		};
		EFB3FB6B1E5AE87C00A1E123 /* Resources */ = {
			isa = PBXResourcesBuildPhase;
			buildActionMask = 2147483647;
			files = (
			);
			runOnlyForDeploymentPostprocessing = 0;
		};
/* End PBXResourcesBuildPhase section */

/* Begin PBXSourcesBuildPhase section */
		EFB3FB4A1E5AE87C00A1E123 /* Sources */ = {
			isa = PBXSourcesBuildPhase;
			buildActionMask = 2147483647;
			files = (
				EFB3FB541E5AE87C00A1E123 /* ViewController.swift in Sources */,
				EFB3FB521E5AE87C00A1E123 /* AppDelegate.swift in Sources */,
			);
			runOnlyForDeploymentPostprocessing = 0;
		};
		EFB3FB5E1E5AE87C00A1E123 /* Sources */ = {
			isa = PBXSourcesBuildPhase;
			buildActionMask = 2147483647;
			files = (
				EFB3FB671E5AE87C00A1E123 /* PokedexTests.swift in Sources */,
			);
			runOnlyForDeploymentPostprocessing = 0;
		};
		EFB3FB691E5AE87C00A1E123 /* Sources */ = {
			isa = PBXSourcesBuildPhase;
			buildActionMask = 2147483647;
			files = (
				EFB3FB721E5AE87C00A1E123 /* PokedexUITests.swift in Sources */,
			);
			runOnlyForDeploymentPostprocessing = 0;
		};
/* End PBXSourcesBuildPhase section */

/* Begin PBXTargetDependency section */
		EFB3FB641E5AE87C00A1E123 /* PBXTargetDependency */ = {
			isa = PBXTargetDependency;
			target = EFB3FB4D1E5AE87C00A1E123 /* Pokedex */;
			targetProxy = EFB3FB631E5AE87C00A1E123 /* PBXContainerItemProxy */;
		};
		EFB3FB6F1E5AE87C00A1E123 /* PBXTargetDependency */ = {
			isa = PBXTargetDependency;
			target = EFB3FB4D1E5AE87C00A1E123 /* Pokedex */;
			targetProxy = EFB3FB6E1E5AE87C00A1E123 /* PBXContainerItemProxy */;
		};
/* End PBXTargetDependency section */

/* Begin PBXVariantGroup section */
		EFB3FB551E5AE87C00A1E123 /* Main.storyboard */ = {
			isa = PBXVariantGroup;
			children = (
				EFB3FB561E5AE87C00A1E123 /* Base */,
			);
			name = Main.storyboard;
			sourceTree = "<group>";
		};
		EFB3FB5A1E5AE87C00A1E123 /* LaunchScreen.storyboard */ = {
			isa = PBXVariantGroup;
			children = (
				EFB3FB5B1E5AE87C00A1E123 /* Base */,
			);
			name = LaunchScreen.storyboard;
			sourceTree = "<group>";
		};
/* End PBXVariantGroup section */

/* Begin XCBuildConfiguration section */
		EFB3FB741E5AE87C00A1E123 /* Debug */ = {
			isa = XCBuildConfiguration;
			buildSettings = {
				ALWAYS_SEARCH_USER_PATHS = NO;
				CLANG_ANALYZER_NONNULL = YES;
				CLANG_CXX_LANGUAGE_STANDARD = "gnu++0x";
				CLANG_CXX_LIBRARY = "libc++";
				CLANG_ENABLE_MODULES = YES;
				CLANG_ENABLE_OBJC_ARC = YES;
				CLANG_WARN_BOOL_CONVERSION = YES;
				CLANG_WARN_CONSTANT_CONVERSION = YES;
				CLANG_WARN_DIRECT_OBJC_ISA_USAGE = YES_ERROR;
				CLANG_WARN_DOCUMENTATION_COMMENTS = YES;
				CLANG_WARN_EMPTY_BODY = YES;
				CLANG_WARN_ENUM_CONVERSION = YES;
				CLANG_WARN_INFINITE_RECURSION = YES;
				CLANG_WARN_INT_CONVERSION = YES;
				CLANG_WARN_OBJC_ROOT_CLASS = YES_ERROR;
				CLANG_WARN_SUSPICIOUS_MOVE = YES;
				CLANG_WARN_UNREACHABLE_CODE = YES;
				CLANG_WARN__DUPLICATE_METHOD_MATCH = YES;
				"CODE_SIGN_IDENTITY[sdk=iphoneos*]" = "iPhone Developer";
				COPY_PHASE_STRIP = NO;
				DEBUG_INFORMATION_FORMAT = dwarf;
				ENABLE_STRICT_OBJC_MSGSEND = YES;
				ENABLE_TESTABILITY = YES;
				GCC_C_LANGUAGE_STANDARD = gnu99;
				GCC_DYNAMIC_NO_PIC = NO;
				GCC_NO_COMMON_BLOCKS = YES;
				GCC_OPTIMIZATION_LEVEL = 0;
				GCC_PREPROCESSOR_DEFINITIONS = (
					"DEBUG=1",
					"$(inherited)",
				);
				GCC_WARN_64_TO_32_BIT_CONVERSION = YES;
				GCC_WARN_ABOUT_RETURN_TYPE = YES_ERROR;
				GCC_WARN_UNDECLARED_SELECTOR = YES;
				GCC_WARN_UNINITIALIZED_AUTOS = YES_AGGRESSIVE;
				GCC_WARN_UNUSED_FUNCTION = YES;
				GCC_WARN_UNUSED_VARIABLE = YES;
				IPHONEOS_DEPLOYMENT_TARGET = 10.2;
				MTL_ENABLE_DEBUG_INFO = YES;
				ONLY_ACTIVE_ARCH = YES;
				SDKROOT = iphoneos;
				SWIFT_ACTIVE_COMPILATION_CONDITIONS = DEBUG;
				SWIFT_OPTIMIZATION_LEVEL = "-Onone";
			};
			name = Debug;
		};
		EFB3FB751E5AE87C00A1E123 /* Release */ = {
			isa = XCBuildConfiguration;
			buildSettings = {
				ALWAYS_SEARCH_USER_PATHS = NO;
				CLANG_ANALYZER_NONNULL = YES;
				CLANG_CXX_LANGUAGE_STANDARD = "gnu++0x";
				CLANG_CXX_LIBRARY = "libc++";
				CLANG_ENABLE_MODULES = YES;
				CLANG_ENABLE_OBJC_ARC = YES;
				CLANG_WARN_BOOL_CONVERSION = YES;
				CLANG_WARN_CONSTANT_CONVERSION = YES;
				CLANG_WARN_DIRECT_OBJC_ISA_USAGE = YES_ERROR;
				CLANG_WARN_DOCUMENTATION_COMMENTS = YES;
				CLANG_WARN_EMPTY_BODY = YES;
				CLANG_WARN_ENUM_CONVERSION = YES;
				CLANG_WARN_INFINITE_RECURSION = YES;
				CLANG_WARN_INT_CONVERSION = YES;
				CLANG_WARN_OBJC_ROOT_CLASS = YES_ERROR;
				CLANG_WARN_SUSPICIOUS_MOVE = YES;
				CLANG_WARN_UNREACHABLE_CODE = YES;
				CLANG_WARN__DUPLICATE_METHOD_MATCH = YES;
				"CODE_SIGN_IDENTITY[sdk=iphoneos*]" = "iPhone Developer";
				COPY_PHASE_STRIP = NO;
				DEBUG_INFORMATION_FORMAT = "dwarf-with-dsym";
				ENABLE_NS_ASSERTIONS = NO;
				ENABLE_STRICT_OBJC_MSGSEND = YES;
				GCC_C_LANGUAGE_STANDARD = gnu99;
				GCC_NO_COMMON_BLOCKS = YES;
				GCC_WARN_64_TO_32_BIT_CONVERSION = YES;
				GCC_WARN_ABOUT_RETURN_TYPE = YES_ERROR;
				GCC_WARN_UNDECLARED_SELECTOR = YES;
				GCC_WARN_UNINITIALIZED_AUTOS = YES_AGGRESSIVE;
				GCC_WARN_UNUSED_FUNCTION = YES;
				GCC_WARN_UNUSED_VARIABLE = YES;
				IPHONEOS_DEPLOYMENT_TARGET = 10.2;
				MTL_ENABLE_DEBUG_INFO = NO;
				SDKROOT = iphoneos;
				SWIFT_OPTIMIZATION_LEVEL = "-Owholemodule";
				VALIDATE_PRODUCT = YES;
			};
			name = Release;
		};
		EFB3FB771E5AE87C00A1E123 /* Debug */ = {
			isa = XCBuildConfiguration;
			buildSettings = {
				ASSETCATALOG_COMPILER_APPICON_NAME = AppIcon;
				INFOPLIST_FILE = Pokedex/Info.plist;
				LD_RUNPATH_SEARCH_PATHS = "$(inherited) @executable_path/Frameworks";
				PRODUCT_BUNDLE_IDENTIFIER = SZL.Pokedex;
				PRODUCT_NAME = "$(TARGET_NAME)";
				SWIFT_VERSION = 3.0;
			};
			name = Debug;
		};
		EFB3FB781E5AE87C00A1E123 /* Release */ = {
			isa = XCBuildConfiguration;
			buildSettings = {
				ASSETCATALOG_COMPILER_APPICON_NAME = AppIcon;
				INFOPLIST_FILE = Pokedex/Info.plist;
				LD_RUNPATH_SEARCH_PATHS = "$(inherited) @executable_path/Frameworks";
				PRODUCT_BUNDLE_IDENTIFIER = SZL.Pokedex;
				PRODUCT_NAME = "$(TARGET_NAME)";
				SWIFT_VERSION = 3.0;
			};
			name = Release;
		};
		EFB3FB7A1E5AE87C00A1E123 /* Debug */ = {
			isa = XCBuildConfiguration;
			buildSettings = {
				ALWAYS_EMBED_SWIFT_STANDARD_LIBRARIES = YES;
				BUNDLE_LOADER = "$(TEST_HOST)";
				INFOPLIST_FILE = PokedexTests/Info.plist;
				LD_RUNPATH_SEARCH_PATHS = "$(inherited) @executable_path/Frameworks @loader_path/Frameworks";
				PRODUCT_BUNDLE_IDENTIFIER = SZL.PokedexTests;
				PRODUCT_NAME = "$(TARGET_NAME)";
				SWIFT_VERSION = 3.0;
				TEST_HOST = "$(BUILT_PRODUCTS_DIR)/Pokedex.app/Pokedex";
			};
			name = Debug;
		};
		EFB3FB7B1E5AE87C00A1E123 /* Release */ = {
			isa = XCBuildConfiguration;
			buildSettings = {
				ALWAYS_EMBED_SWIFT_STANDARD_LIBRARIES = YES;
				BUNDLE_LOADER = "$(TEST_HOST)";
				INFOPLIST_FILE = PokedexTests/Info.plist;
				LD_RUNPATH_SEARCH_PATHS = "$(inherited) @executable_path/Frameworks @loader_path/Frameworks";
				PRODUCT_BUNDLE_IDENTIFIER = SZL.PokedexTests;
				PRODUCT_NAME = "$(TARGET_NAME)";
				SWIFT_VERSION = 3.0;
				TEST_HOST = "$(BUILT_PRODUCTS_DIR)/Pokedex.app/Pokedex";
			};
			name = Release;
		};
		EFB3FB7D1E5AE87C00A1E123 /* Debug */ = {
			isa = XCBuildConfiguration;
			buildSettings = {
				ALWAYS_EMBED_SWIFT_STANDARD_LIBRARIES = YES;
				INFOPLIST_FILE = PokedexUITests/Info.plist;
				LD_RUNPATH_SEARCH_PATHS = "$(inherited) @executable_path/Frameworks @loader_path/Frameworks";
				PRODUCT_BUNDLE_IDENTIFIER = SZL.PokedexUITests;
				PRODUCT_NAME = "$(TARGET_NAME)";
				SWIFT_VERSION = 3.0;
				TEST_TARGET_NAME = Pokedex;
			};
			name = Debug;
		};
		EFB3FB7E1E5AE87C00A1E123 /* Release */ = {
			isa = XCBuildConfiguration;
			buildSettings = {
				ALWAYS_EMBED_SWIFT_STANDARD_LIBRARIES = YES;
				INFOPLIST_FILE = PokedexUITests/Info.plist;
				LD_RUNPATH_SEARCH_PATHS = "$(inherited) @executable_path/Frameworks @loader_path/Frameworks";
				PRODUCT_BUNDLE_IDENTIFIER = SZL.PokedexUITests;
				PRODUCT_NAME = "$(TARGET_NAME)";
				SWIFT_VERSION = 3.0;
				TEST_TARGET_NAME = Pokedex;
			};
			name = Release;
		};
/* End XCBuildConfiguration section */

/* Begin XCConfigurationList section */
		EFB3FB491E5AE87C00A1E123 /* Build configuration list for PBXProject "Pokedex" */ = {
			isa = XCConfigurationList;
			buildConfigurations = (
				EFB3FB741E5AE87C00A1E123 /* Debug */,
				EFB3FB751E5AE87C00A1E123 /* Release */,
			);
			defaultConfigurationIsVisible = 0;
			defaultConfigurationName = Release;
		};
		EFB3FB761E5AE87C00A1E123 /* Build configuration list for PBXNativeTarget "Pokedex" */ = {
			isa = XCConfigurationList;
			buildConfigurations = (
				EFB3FB771E5AE87C00A1E123 /* Debug */,
				EFB3FB781E5AE87C00A1E123 /* Release */,
			);
			defaultConfigurationIsVisible = 0;
		};
		EFB3FB791E5AE87C00A1E123 /* Build configuration list for PBXNativeTarget "PokedexTests" */ = {
			isa = XCConfigurationList;
			buildConfigurations = (
				EFB3FB7A1E5AE87C00A1E123 /* Debug */,
				EFB3FB7B1E5AE87C00A1E123 /* Release */,
			);
			defaultConfigurationIsVisible = 0;
		};
		EFB3FB7C1E5AE87C00A1E123 /* Build configuration list for PBXNativeTarget "PokedexUITests" */ = {
			isa = XCConfigurationList;
			buildConfigurations = (
				EFB3FB7D1E5AE87C00A1E123 /* Debug */,
				EFB3FB7E1E5AE87C00A1E123 /* Release */,
			);
			defaultConfigurationIsVisible = 0;
		};
/* End XCConfigurationList section */
	};
	rootObject = EFB3FB461E5AE87C00A1E123 /* Project object */;
}
